// !$*UTF8*$!
{
	archiveVersion = 1;
	classes = {
	};
	objectVersion = 56;
	objects = {

/* Begin PBXBuildFile section */
		3B7E1E122A01DF610016DCA4 /* RMAPICacheManager.swift in Sources */ = {isa = PBXBuildFile; fileRef = 3B7E1E112A01DF610016DCA4 /* RMAPICacheManager.swift */; };
		3B7E1E142A01E91C0016DCA4 /* RMEpisodeDetailViewViewModel.swift in Sources */ = {isa = PBXBuildFile; fileRef = 3B7E1E132A01E91C0016DCA4 /* RMEpisodeDetailViewViewModel.swift */; };
		3B7E1E162A01E9AA0016DCA4 /* RMEpisodeDetailView.swift in Sources */ = {isa = PBXBuildFile; fileRef = 3B7E1E152A01E9AA0016DCA4 /* RMEpisodeDetailView.swift */; };
		3B7E1E192A01EBC90016DCA4 /* RMEpisodeListView.swift in Sources */ = {isa = PBXBuildFile; fileRef = 3B7E1E182A01EBC90016DCA4 /* RMEpisodeListView.swift */; };
		3B7E1E1B2A01EF8C0016DCA4 /* RMEpisodeListViewViewModel.swift in Sources */ = {isa = PBXBuildFile; fileRef = 3B7E1E1A2A01EF8C0016DCA4 /* RMEpisodeListViewViewModel.swift */; };
		3B7E1E1D2A01F3210016DCA4 /* RMGetAllEpisodesResponse.swift in Sources */ = {isa = PBXBuildFile; fileRef = 3B7E1E1C2A01F3210016DCA4 /* RMGetAllEpisodesResponse.swift */; };
		3B7E1E1F2A0209CF0016DCA4 /* RMSearchViewController.swift in Sources */ = {isa = PBXBuildFile; fileRef = 3B7E1E1E2A0209CF0016DCA4 /* RMSearchViewController.swift */; };
		3BA05B7B29FF22F3002E4559 /* RMImageLoader.swift in Sources */ = {isa = PBXBuildFile; fileRef = 3BA05B7A29FF22F3002E4559 /* RMImageLoader.swift */; };
		3BA06C2729FF691E00E4C9A7 /* RMCharacterPhotoCollectionViewCell.swift in Sources */ = {isa = PBXBuildFile; fileRef = 3BA06C2629FF691E00E4C9A7 /* RMCharacterPhotoCollectionViewCell.swift */; };
		3BA06C2929FF693700E4C9A7 /* RMCharacterInfoCollectionViewCell.swift in Sources */ = {isa = PBXBuildFile; fileRef = 3BA06C2829FF693700E4C9A7 /* RMCharacterInfoCollectionViewCell.swift */; };
		3BA06C2B29FF695500E4C9A7 /* RMCharacterEpisodeCollectionViewCell.swift in Sources */ = {isa = PBXBuildFile; fileRef = 3BA06C2A29FF695500E4C9A7 /* RMCharacterEpisodeCollectionViewCell.swift */; };
		3BA06C2E29FF69B300E4C9A7 /* RMCharacterPhotoCollectionViewCellViewModel.swift in Sources */ = {isa = PBXBuildFile; fileRef = 3BA06C2D29FF69B300E4C9A7 /* RMCharacterPhotoCollectionViewCellViewModel.swift */; };
		3BA06C3029FF69CA00E4C9A7 /* RMCharacterInfoCollectionViewCellViewModel.swift in Sources */ = {isa = PBXBuildFile; fileRef = 3BA06C2F29FF69CA00E4C9A7 /* RMCharacterInfoCollectionViewCellViewModel.swift */; };
		3BA06C3229FF69E700E4C9A7 /* RMCharacterEpisodeCollectionViewCellViewModel.swift in Sources */ = {isa = PBXBuildFile; fileRef = 3BA06C3129FF69E700E4C9A7 /* RMCharacterEpisodeCollectionViewCellViewModel.swift */; };
		3BA7179A29FC9FA80010F78C /* RMCharacterCollectionViewCell.swift in Sources */ = {isa = PBXBuildFile; fileRef = 3BA7179929FC9FA80010F78C /* RMCharacterCollectionViewCell.swift */; };
		3BA7179C29FCA11E0010F78C /* RMCharacterCollectionViewCellViewModel.swift in Sources */ = {isa = PBXBuildFile; fileRef = 3BA7179B29FCA11E0010F78C /* RMCharacterCollectionViewCellViewModel.swift */; };
		3BA7179F29FCCC7B0010F78C /* RMCharacterDetailViewController.swift in Sources */ = {isa = PBXBuildFile; fileRef = 3BA7179E29FCCC7B0010F78C /* RMCharacterDetailViewController.swift */; };
		3BA717A129FCCD690010F78C /* RMCharacterDetailView.swift in Sources */ = {isa = PBXBuildFile; fileRef = 3BA717A029FCCD690010F78C /* RMCharacterDetailView.swift */; };
		3BA717A329FCCDB60010F78C /* RMCharacterDetailViewViewModel.swift in Sources */ = {isa = PBXBuildFile; fileRef = 3BA717A229FCCDB60010F78C /* RMCharacterDetailViewViewModel.swift */; };
		3BA717A529FCD5E50010F78C /* RMFooterLoadingCollectionReusableView.swift in Sources */ = {isa = PBXBuildFile; fileRef = 3BA717A429FCD5E50010F78C /* RMFooterLoadingCollectionReusableView.swift */; };
		3BC21F0E29FB416B00D00357 /* AppDelegate.swift in Sources */ = {isa = PBXBuildFile; fileRef = 3BC21F0D29FB416B00D00357 /* AppDelegate.swift */; };
		3BC21F1029FB416B00D00357 /* SceneDelegate.swift in Sources */ = {isa = PBXBuildFile; fileRef = 3BC21F0F29FB416B00D00357 /* SceneDelegate.swift */; };
		3BC21F1229FB416B00D00357 /* RMTabViewController.swift in Sources */ = {isa = PBXBuildFile; fileRef = 3BC21F1129FB416B00D00357 /* RMTabViewController.swift */; };
		3BC21F1729FB416C00D00357 /* Assets.xcassets in Resources */ = {isa = PBXBuildFile; fileRef = 3BC21F1629FB416C00D00357 /* Assets.xcassets */; };
		3BC21F1A29FB416C00D00357 /* LaunchScreen.storyboard in Resources */ = {isa = PBXBuildFile; fileRef = 3BC21F1829FB416C00D00357 /* LaunchScreen.storyboard */; };
		3BC21F2A29FB446E00D00357 /* RMLocation.swift in Sources */ = {isa = PBXBuildFile; fileRef = 3BC21F2929FB446E00D00357 /* RMLocation.swift */; };
		3BC21F2C29FB447C00D00357 /* RMCharacter.swift in Sources */ = {isa = PBXBuildFile; fileRef = 3BC21F2B29FB447C00D00357 /* RMCharacter.swift */; };
		3BC21F2E29FB448E00D00357 /* RMEpisode.swift in Sources */ = {isa = PBXBuildFile; fileRef = 3BC21F2D29FB448E00D00357 /* RMEpisode.swift */; };
		3BC21F3129FB44FF00D00357 /* RMCharacterViewController.swift in Sources */ = {isa = PBXBuildFile; fileRef = 3BC21F3029FB44FF00D00357 /* RMCharacterViewController.swift */; };
		3BC21F3329FB451100D00357 /* RMLocationViewController.swift in Sources */ = {isa = PBXBuildFile; fileRef = 3BC21F3229FB451100D00357 /* RMLocationViewController.swift */; };
		3BC21F3529FB452B00D00357 /* RMEpisodeViewController.swift in Sources */ = {isa = PBXBuildFile; fileRef = 3BC21F3429FB452B00D00357 /* RMEpisodeViewController.swift */; };
		3BC21F3729FB454300D00357 /* RMSettingsViewController.swift in Sources */ = {isa = PBXBuildFile; fileRef = 3BC21F3629FB454300D00357 /* RMSettingsViewController.swift */; };
		3BC21F3929FB599B00D00357 /* RMService.swift in Sources */ = {isa = PBXBuildFile; fileRef = 3BC21F3829FB599B00D00357 /* RMService.swift */; };
		3BC21F3B29FB59AD00D00357 /* RMRequest.swift in Sources */ = {isa = PBXBuildFile; fileRef = 3BC21F3A29FB59AD00D00357 /* RMRequest.swift */; };
		3BC21F3D29FB5A5500D00357 /* RMEndpoint.swift in Sources */ = {isa = PBXBuildFile; fileRef = 3BC21F3C29FB5A5500D00357 /* RMEndpoint.swift */; };
		3BC21F3F29FB5EF800D00357 /* RMOrigin.swift in Sources */ = {isa = PBXBuildFile; fileRef = 3BC21F3E29FB5EF800D00357 /* RMOrigin.swift */; };
		3BC21F4129FB5F6500D00357 /* RMSingleLocation.swift in Sources */ = {isa = PBXBuildFile; fileRef = 3BC21F4029FB5F6500D00357 /* RMSingleLocation.swift */; };
		3BC21F4329FB615400D00357 /* RMChararterStatus.swift in Sources */ = {isa = PBXBuildFile; fileRef = 3BC21F4229FB615400D00357 /* RMChararterStatus.swift */; };
		3BC21F4529FB617400D00357 /* RMCharacterGender.swift in Sources */ = {isa = PBXBuildFile; fileRef = 3BC21F4429FB617400D00357 /* RMCharacterGender.swift */; };
		3BC21F4929FB826300D00357 /* RMGetAllCharactersResponse.swift in Sources */ = {isa = PBXBuildFile; fileRef = 3BC21F4829FB826300D00357 /* RMGetAllCharactersResponse.swift */; };
		3BC21F4B29FB854F00D00357 /* RMCharacterListViewViewModel.swift in Sources */ = {isa = PBXBuildFile; fileRef = 3BC21F4A29FB854F00D00357 /* RMCharacterListViewViewModel.swift */; };
		3BC21F4D29FB85B000D00357 /* RMCharacterListView.swift in Sources */ = {isa = PBXBuildFile; fileRef = 3BC21F4C29FB85B000D00357 /* RMCharacterListView.swift */; };
		3BC21F4F29FB8A7900D00357 /* Extensions.swift in Sources */ = {isa = PBXBuildFile; fileRef = 3BC21F4E29FB8A7900D00357 /* Extensions.swift */; };
		3BC288F32A00CAD1000BD7F9 /* RMEpisodeDetailViewController.swift in Sources */ = {isa = PBXBuildFile; fileRef = 3BC288F22A00CAD1000BD7F9 /* RMEpisodeDetailViewController.swift */; };
		3BC3999E2A031B7D009AC3E9 /* RMEpisodeInfoCollectionViewCell.swift in Sources */ = {isa = PBXBuildFile; fileRef = 3BC3999D2A031B7D009AC3E9 /* RMEpisodeInfoCollectionViewCell.swift */; };
		3BC399A12A031BEE009AC3E9 /* RMEpisodeInfoCollectionViewCellViewModel.swift in Sources */ = {isa = PBXBuildFile; fileRef = 3BC399A02A031BEE009AC3E9 /* RMEpisodeInfoCollectionViewCellViewModel.swift */; };
		3BCD38F82A0347C1004853E4 /* RMSettingsViewViewModel.swift in Sources */ = {isa = PBXBuildFile; fileRef = 3BCD38F72A0347C1004853E4 /* RMSettingsViewViewModel.swift */; };
		3BCD38FA2A034826004853E4 /* RMSettingsCellViewModel.swift in Sources */ = {isa = PBXBuildFile; fileRef = 3BCD38F92A034826004853E4 /* RMSettingsCellViewModel.swift */; };
		3BCD38FC2A0348CF004853E4 /* RMSettingsOption.swift in Sources */ = {isa = PBXBuildFile; fileRef = 3BCD38FB2A0348CF004853E4 /* RMSettingsOption.swift */; };
		3BCD38FF2A034DF9004853E4 /* RMSettingsView.swift in Sources */ = {isa = PBXBuildFile; fileRef = 3BCD38FE2A034DF9004853E4 /* RMSettingsView.swift */; };
		3BE2749A2A0478C200B4CD6D /* RMLocationView.swift in Sources */ = {isa = PBXBuildFile; fileRef = 3BE274992A0478C200B4CD6D /* RMLocationView.swift */; };
		3BE2749C2A047C5200B4CD6D /* RMLocationViewViewModel.swift in Sources */ = {isa = PBXBuildFile; fileRef = 3BE2749B2A047C5200B4CD6D /* RMLocationViewViewModel.swift */; };
		3BE2749E2A04816200B4CD6D /* RMGetAllLocationsResponse.swift in Sources */ = {isa = PBXBuildFile; fileRef = 3BE2749D2A04816200B4CD6D /* RMGetAllLocationsResponse.swift */; };
		3BE274A02A04835900B4CD6D /* RMLocationTableViewCell.swift in Sources */ = {isa = PBXBuildFile; fileRef = 3BE2749F2A04835900B4CD6D /* RMLocationTableViewCell.swift */; };
		3BE274A32A04848600B4CD6D /* RMLocationTableViewCellViewModel.swift in Sources */ = {isa = PBXBuildFile; fileRef = 3BE274A22A04848600B4CD6D /* RMLocationTableViewCellViewModel.swift */; };
/* End PBXBuildFile section */

/* Begin PBXFileReference section */
		3B7E1E112A01DF610016DCA4 /* RMAPICacheManager.swift */ = {isa = PBXFileReference; lastKnownFileType = sourcecode.swift; path = RMAPICacheManager.swift; sourceTree = "<group>"; };
		3B7E1E132A01E91C0016DCA4 /* RMEpisodeDetailViewViewModel.swift */ = {isa = PBXFileReference; lastKnownFileType = sourcecode.swift; path = RMEpisodeDetailViewViewModel.swift; sourceTree = "<group>"; };
		3B7E1E152A01E9AA0016DCA4 /* RMEpisodeDetailView.swift */ = {isa = PBXFileReference; lastKnownFileType = sourcecode.swift; path = RMEpisodeDetailView.swift; sourceTree = "<group>"; };
		3B7E1E182A01EBC90016DCA4 /* RMEpisodeListView.swift */ = {isa = PBXFileReference; lastKnownFileType = sourcecode.swift; path = RMEpisodeListView.swift; sourceTree = "<group>"; };
		3B7E1E1A2A01EF8C0016DCA4 /* RMEpisodeListViewViewModel.swift */ = {isa = PBXFileReference; lastKnownFileType = sourcecode.swift; path = RMEpisodeListViewViewModel.swift; sourceTree = "<group>"; };
		3B7E1E1C2A01F3210016DCA4 /* RMGetAllEpisodesResponse.swift */ = {isa = PBXFileReference; lastKnownFileType = sourcecode.swift; path = RMGetAllEpisodesResponse.swift; sourceTree = "<group>"; };
		3B7E1E1E2A0209CF0016DCA4 /* RMSearchViewController.swift */ = {isa = PBXFileReference; lastKnownFileType = sourcecode.swift; path = RMSearchViewController.swift; sourceTree = "<group>"; };
		3BA05B7A29FF22F3002E4559 /* RMImageLoader.swift */ = {isa = PBXFileReference; lastKnownFileType = sourcecode.swift; path = RMImageLoader.swift; sourceTree = "<group>"; };
		3BA06C2629FF691E00E4C9A7 /* RMCharacterPhotoCollectionViewCell.swift */ = {isa = PBXFileReference; lastKnownFileType = sourcecode.swift; path = RMCharacterPhotoCollectionViewCell.swift; sourceTree = "<group>"; };
		3BA06C2829FF693700E4C9A7 /* RMCharacterInfoCollectionViewCell.swift */ = {isa = PBXFileReference; lastKnownFileType = sourcecode.swift; path = RMCharacterInfoCollectionViewCell.swift; sourceTree = "<group>"; };
		3BA06C2A29FF695500E4C9A7 /* RMCharacterEpisodeCollectionViewCell.swift */ = {isa = PBXFileReference; lastKnownFileType = sourcecode.swift; path = RMCharacterEpisodeCollectionViewCell.swift; sourceTree = "<group>"; };
		3BA06C2D29FF69B300E4C9A7 /* RMCharacterPhotoCollectionViewCellViewModel.swift */ = {isa = PBXFileReference; lastKnownFileType = sourcecode.swift; path = RMCharacterPhotoCollectionViewCellViewModel.swift; sourceTree = "<group>"; };
		3BA06C2F29FF69CA00E4C9A7 /* RMCharacterInfoCollectionViewCellViewModel.swift */ = {isa = PBXFileReference; lastKnownFileType = sourcecode.swift; path = RMCharacterInfoCollectionViewCellViewModel.swift; sourceTree = "<group>"; };
		3BA06C3129FF69E700E4C9A7 /* RMCharacterEpisodeCollectionViewCellViewModel.swift */ = {isa = PBXFileReference; lastKnownFileType = sourcecode.swift; path = RMCharacterEpisodeCollectionViewCellViewModel.swift; sourceTree = "<group>"; };
		3BA7179929FC9FA80010F78C /* RMCharacterCollectionViewCell.swift */ = {isa = PBXFileReference; lastKnownFileType = sourcecode.swift; path = RMCharacterCollectionViewCell.swift; sourceTree = "<group>"; };
		3BA7179B29FCA11E0010F78C /* RMCharacterCollectionViewCellViewModel.swift */ = {isa = PBXFileReference; lastKnownFileType = sourcecode.swift; path = RMCharacterCollectionViewCellViewModel.swift; sourceTree = "<group>"; };
		3BA7179E29FCCC7B0010F78C /* RMCharacterDetailViewController.swift */ = {isa = PBXFileReference; lastKnownFileType = sourcecode.swift; path = RMCharacterDetailViewController.swift; sourceTree = "<group>"; };
		3BA717A029FCCD690010F78C /* RMCharacterDetailView.swift */ = {isa = PBXFileReference; lastKnownFileType = sourcecode.swift; path = RMCharacterDetailView.swift; sourceTree = "<group>"; };
		3BA717A229FCCDB60010F78C /* RMCharacterDetailViewViewModel.swift */ = {isa = PBXFileReference; lastKnownFileType = sourcecode.swift; path = RMCharacterDetailViewViewModel.swift; sourceTree = "<group>"; };
		3BA717A429FCD5E50010F78C /* RMFooterLoadingCollectionReusableView.swift */ = {isa = PBXFileReference; lastKnownFileType = sourcecode.swift; path = RMFooterLoadingCollectionReusableView.swift; sourceTree = "<group>"; };
		3BC21F0A29FB416B00D00357 /* RickAndMorty.app */ = {isa = PBXFileReference; explicitFileType = wrapper.application; includeInIndex = 0; path = RickAndMorty.app; sourceTree = BUILT_PRODUCTS_DIR; };
		3BC21F0D29FB416B00D00357 /* AppDelegate.swift */ = {isa = PBXFileReference; lastKnownFileType = sourcecode.swift; path = AppDelegate.swift; sourceTree = "<group>"; };
		3BC21F0F29FB416B00D00357 /* SceneDelegate.swift */ = {isa = PBXFileReference; lastKnownFileType = sourcecode.swift; path = SceneDelegate.swift; sourceTree = "<group>"; };
		3BC21F1129FB416B00D00357 /* RMTabViewController.swift */ = {isa = PBXFileReference; lastKnownFileType = sourcecode.swift; path = RMTabViewController.swift; sourceTree = "<group>"; };
		3BC21F1629FB416C00D00357 /* Assets.xcassets */ = {isa = PBXFileReference; lastKnownFileType = folder.assetcatalog; path = Assets.xcassets; sourceTree = "<group>"; };
		3BC21F1929FB416C00D00357 /* Base */ = {isa = PBXFileReference; lastKnownFileType = file.storyboard; name = Base; path = Base.lproj/LaunchScreen.storyboard; sourceTree = "<group>"; };
		3BC21F1B29FB416C00D00357 /* Info.plist */ = {isa = PBXFileReference; lastKnownFileType = text.plist.xml; path = Info.plist; sourceTree = "<group>"; };
		3BC21F2929FB446E00D00357 /* RMLocation.swift */ = {isa = PBXFileReference; lastKnownFileType = sourcecode.swift; path = RMLocation.swift; sourceTree = "<group>"; };
		3BC21F2B29FB447C00D00357 /* RMCharacter.swift */ = {isa = PBXFileReference; lastKnownFileType = sourcecode.swift; path = RMCharacter.swift; sourceTree = "<group>"; };
		3BC21F2D29FB448E00D00357 /* RMEpisode.swift */ = {isa = PBXFileReference; lastKnownFileType = sourcecode.swift; path = RMEpisode.swift; sourceTree = "<group>"; };
		3BC21F3029FB44FF00D00357 /* RMCharacterViewController.swift */ = {isa = PBXFileReference; lastKnownFileType = sourcecode.swift; path = RMCharacterViewController.swift; sourceTree = "<group>"; };
		3BC21F3229FB451100D00357 /* RMLocationViewController.swift */ = {isa = PBXFileReference; lastKnownFileType = sourcecode.swift; path = RMLocationViewController.swift; sourceTree = "<group>"; };
		3BC21F3429FB452B00D00357 /* RMEpisodeViewController.swift */ = {isa = PBXFileReference; lastKnownFileType = sourcecode.swift; path = RMEpisodeViewController.swift; sourceTree = "<group>"; };
		3BC21F3629FB454300D00357 /* RMSettingsViewController.swift */ = {isa = PBXFileReference; lastKnownFileType = sourcecode.swift; path = RMSettingsViewController.swift; sourceTree = "<group>"; };
		3BC21F3829FB599B00D00357 /* RMService.swift */ = {isa = PBXFileReference; lastKnownFileType = sourcecode.swift; path = RMService.swift; sourceTree = "<group>"; };
		3BC21F3A29FB59AD00D00357 /* RMRequest.swift */ = {isa = PBXFileReference; lastKnownFileType = sourcecode.swift; path = RMRequest.swift; sourceTree = "<group>"; };
		3BC21F3C29FB5A5500D00357 /* RMEndpoint.swift */ = {isa = PBXFileReference; lastKnownFileType = sourcecode.swift; path = RMEndpoint.swift; sourceTree = "<group>"; };
		3BC21F3E29FB5EF800D00357 /* RMOrigin.swift */ = {isa = PBXFileReference; lastKnownFileType = sourcecode.swift; path = RMOrigin.swift; sourceTree = "<group>"; };
		3BC21F4029FB5F6500D00357 /* RMSingleLocation.swift */ = {isa = PBXFileReference; lastKnownFileType = sourcecode.swift; path = RMSingleLocation.swift; sourceTree = "<group>"; };
		3BC21F4229FB615400D00357 /* RMChararterStatus.swift */ = {isa = PBXFileReference; lastKnownFileType = sourcecode.swift; path = RMChararterStatus.swift; sourceTree = "<group>"; };
		3BC21F4429FB617400D00357 /* RMCharacterGender.swift */ = {isa = PBXFileReference; lastKnownFileType = sourcecode.swift; path = RMCharacterGender.swift; sourceTree = "<group>"; };
		3BC21F4829FB826300D00357 /* RMGetAllCharactersResponse.swift */ = {isa = PBXFileReference; lastKnownFileType = sourcecode.swift; path = RMGetAllCharactersResponse.swift; sourceTree = "<group>"; };
		3BC21F4A29FB854F00D00357 /* RMCharacterListViewViewModel.swift */ = {isa = PBXFileReference; lastKnownFileType = sourcecode.swift; path = RMCharacterListViewViewModel.swift; sourceTree = "<group>"; };
		3BC21F4C29FB85B000D00357 /* RMCharacterListView.swift */ = {isa = PBXFileReference; lastKnownFileType = sourcecode.swift; path = RMCharacterListView.swift; sourceTree = "<group>"; };
		3BC21F4E29FB8A7900D00357 /* Extensions.swift */ = {isa = PBXFileReference; lastKnownFileType = sourcecode.swift; path = Extensions.swift; sourceTree = "<group>"; };
		3BC288F22A00CAD1000BD7F9 /* RMEpisodeDetailViewController.swift */ = {isa = PBXFileReference; lastKnownFileType = sourcecode.swift; path = RMEpisodeDetailViewController.swift; sourceTree = "<group>"; };
		3BC3999D2A031B7D009AC3E9 /* RMEpisodeInfoCollectionViewCell.swift */ = {isa = PBXFileReference; lastKnownFileType = sourcecode.swift; path = RMEpisodeInfoCollectionViewCell.swift; sourceTree = "<group>"; };
		3BC399A02A031BEE009AC3E9 /* RMEpisodeInfoCollectionViewCellViewModel.swift */ = {isa = PBXFileReference; lastKnownFileType = sourcecode.swift; path = RMEpisodeInfoCollectionViewCellViewModel.swift; sourceTree = "<group>"; };
		3BCD38F72A0347C1004853E4 /* RMSettingsViewViewModel.swift */ = {isa = PBXFileReference; lastKnownFileType = sourcecode.swift; path = RMSettingsViewViewModel.swift; sourceTree = "<group>"; };
		3BCD38F92A034826004853E4 /* RMSettingsCellViewModel.swift */ = {isa = PBXFileReference; lastKnownFileType = sourcecode.swift; path = RMSettingsCellViewModel.swift; sourceTree = "<group>"; };
		3BCD38FB2A0348CF004853E4 /* RMSettingsOption.swift */ = {isa = PBXFileReference; lastKnownFileType = sourcecode.swift; path = RMSettingsOption.swift; sourceTree = "<group>"; };
		3BCD38FE2A034DF9004853E4 /* RMSettingsView.swift */ = {isa = PBXFileReference; lastKnownFileType = sourcecode.swift; path = RMSettingsView.swift; sourceTree = "<group>"; };
		3BE274992A0478C200B4CD6D /* RMLocationView.swift */ = {isa = PBXFileReference; lastKnownFileType = sourcecode.swift; path = RMLocationView.swift; sourceTree = "<group>"; };
		3BE2749B2A047C5200B4CD6D /* RMLocationViewViewModel.swift */ = {isa = PBXFileReference; lastKnownFileType = sourcecode.swift; path = RMLocationViewViewModel.swift; sourceTree = "<group>"; };
		3BE2749D2A04816200B4CD6D /* RMGetAllLocationsResponse.swift */ = {isa = PBXFileReference; lastKnownFileType = sourcecode.swift; path = RMGetAllLocationsResponse.swift; sourceTree = "<group>"; };
		3BE2749F2A04835900B4CD6D /* RMLocationTableViewCell.swift */ = {isa = PBXFileReference; lastKnownFileType = sourcecode.swift; path = RMLocationTableViewCell.swift; sourceTree = "<group>"; };
		3BE274A22A04848600B4CD6D /* RMLocationTableViewCellViewModel.swift */ = {isa = PBXFileReference; lastKnownFileType = sourcecode.swift; path = RMLocationTableViewCellViewModel.swift; sourceTree = "<group>"; };
/* End PBXFileReference section */

/* Begin PBXFrameworksBuildPhase section */
		3BC21F0729FB416B00D00357 /* Frameworks */ = {
			isa = PBXFrameworksBuildPhase;
			buildActionMask = 2147483647;
			files = (
			);
			runOnlyForDeploymentPostprocessing = 0;
		};
/* End PBXFrameworksBuildPhase section */

/* Begin PBXGroup section */
		3B7E1E172A01EBB10016DCA4 /* Episode */ = {
			isa = PBXGroup;
			children = (
				3B7E1E182A01EBC90016DCA4 /* RMEpisodeListView.swift */,
			);
			path = Episode;
			sourceTree = "<group>";
		};
		3BA06C2429FF68A500E4C9A7 /* CharacterDetail */ = {
			isa = PBXGroup;
			children = (
				3BA717A029FCCD690010F78C /* RMCharacterDetailView.swift */,
				3BA06C2629FF691E00E4C9A7 /* RMCharacterPhotoCollectionViewCell.swift */,
				3BA06C2829FF693700E4C9A7 /* RMCharacterInfoCollectionViewCell.swift */,
				3BA06C2A29FF695500E4C9A7 /* RMCharacterEpisodeCollectionViewCell.swift */,
			);
			path = CharacterDetail;
			sourceTree = "<group>";
		};
		3BA06C2529FF68E700E4C9A7 /* Character */ = {
			isa = PBXGroup;
			children = (
				3BC21F4C29FB85B000D00357 /* RMCharacterListView.swift */,
				3BA7179929FC9FA80010F78C /* RMCharacterCollectionViewCell.swift */,
			);
			path = Character;
			sourceTree = "<group>";
		};
		3BA06C2C29FF696300E4C9A7 /* CharacterDetail */ = {
			isa = PBXGroup;
			children = (
				3BA717A229FCCDB60010F78C /* RMCharacterDetailViewViewModel.swift */,
				3BA06C2D29FF69B300E4C9A7 /* RMCharacterPhotoCollectionViewCellViewModel.swift */,
				3BA06C2F29FF69CA00E4C9A7 /* RMCharacterInfoCollectionViewCellViewModel.swift */,
				3BA06C3129FF69E700E4C9A7 /* RMCharacterEpisodeCollectionViewCellViewModel.swift */,
			);
			path = CharacterDetail;
			sourceTree = "<group>";
		};
		3BA7179D29FCCC5B0010F78C /* Other */ = {
			isa = PBXGroup;
			children = (
				3BA7179E29FCCC7B0010F78C /* RMCharacterDetailViewController.swift */,
				3BC288F22A00CAD1000BD7F9 /* RMEpisodeDetailViewController.swift */,
				3B7E1E1E2A0209CF0016DCA4 /* RMSearchViewController.swift */,
			);
			path = Other;
			sourceTree = "<group>";
		};
		3BC21F0129FB416A00D00357 = {
			isa = PBXGroup;
			children = (
				3BC21F0C29FB416B00D00357 /* RickAndMorty */,
				3BC21F0B29FB416B00D00357 /* Products */,
			);
			sourceTree = "<group>";
		};
		3BC21F0B29FB416B00D00357 /* Products */ = {
			isa = PBXGroup;
			children = (
				3BC21F0A29FB416B00D00357 /* RickAndMorty.app */,
			);
			name = Products;
			sourceTree = "<group>";
		};
		3BC21F0C29FB416B00D00357 /* RickAndMorty */ = {
			isa = PBXGroup;
			children = (
				3BC21F2529FB433800D00357 /* Manager */,
				3BC21F2629FB434900D00357 /* APIClient */,
				3BC21F2429FB432D00D00357 /* ViewModels */,
				3BC21F2329FB432200D00357 /* Views */,
				3BC21F2229FB431700D00357 /* Models */,
				3BC21F2129FB430800D00357 /* Controllers */,
				3BC21F2829FB43E900D00357 /* Resources */,
			);
			path = RickAndMorty;
			sourceTree = "<group>";
		};
		3BC21F2129FB430800D00357 /* Controllers */ = {
			isa = PBXGroup;
			children = (
				3BA7179D29FCCC5B0010F78C /* Other */,
				3BC21F2F29FB44E700D00357 /* Core */,
			);
			path = Controllers;
			sourceTree = "<group>";
		};
		3BC21F2229FB431700D00357 /* Models */ = {
			isa = PBXGroup;
			children = (
				3BC21F4729FB823A00D00357 /* APIResponseTypes */,
				3BC21F4629FB822300D00357 /* DataTypes */,
			);
			path = Models;
			sourceTree = "<group>";
		};
		3BC21F2329FB432200D00357 /* Views */ = {
			isa = PBXGroup;
			children = (
				3BE274982A0478A100B4CD6D /* Location */,
				3BCD38FD2A034DDC004853E4 /* SwiftUI */,
				3BC3999C2A031B5F009AC3E9 /* EpisodeDetails */,
				3B7E1E172A01EBB10016DCA4 /* Episode */,
				3BA06C2429FF68A500E4C9A7 /* CharacterDetail */,
				3BA06C2529FF68E700E4C9A7 /* Character */,
				3BA717A429FCD5E50010F78C /* RMFooterLoadingCollectionReusableView.swift */,
			);
			path = Views;
			sourceTree = "<group>";
		};
		3BC21F2429FB432D00D00357 /* ViewModels */ = {
			isa = PBXGroup;
			children = (
				3BE274A12A04844400B4CD6D /* Locations */,
				3BCD38F62A0347A3004853E4 /* Settings */,
				3BC3999F2A031BBB009AC3E9 /* EpisodeDetail */,
				3BA06C2C29FF696300E4C9A7 /* CharacterDetail */,
				3BC21F4A29FB854F00D00357 /* RMCharacterListViewViewModel.swift */,
				3BA7179B29FCA11E0010F78C /* RMCharacterCollectionViewCellViewModel.swift */,
				3B7E1E1A2A01EF8C0016DCA4 /* RMEpisodeListViewViewModel.swift */,
			);
			path = ViewModels;
			sourceTree = "<group>";
		};
		3BC21F2529FB433800D00357 /* Manager */ = {
			isa = PBXGroup;
			children = (
				3BA05B7A29FF22F3002E4559 /* RMImageLoader.swift */,
				3B7E1E112A01DF610016DCA4 /* RMAPICacheManager.swift */,
			);
			path = Manager;
			sourceTree = "<group>";
		};
		3BC21F2629FB434900D00357 /* APIClient */ = {
			isa = PBXGroup;
			children = (
				3BC21F3829FB599B00D00357 /* RMService.swift */,
				3BC21F3A29FB59AD00D00357 /* RMRequest.swift */,
				3BC21F3C29FB5A5500D00357 /* RMEndpoint.swift */,
			);
			path = APIClient;
			sourceTree = "<group>";
		};
		3BC21F2829FB43E900D00357 /* Resources */ = {
			isa = PBXGroup;
			children = (
				3BC21F0D29FB416B00D00357 /* AppDelegate.swift */,
				3BC21F0F29FB416B00D00357 /* SceneDelegate.swift */,
				3BC21F1629FB416C00D00357 /* Assets.xcassets */,
				3BC21F1829FB416C00D00357 /* LaunchScreen.storyboard */,
				3BC21F1B29FB416C00D00357 /* Info.plist */,
				3BC21F4E29FB8A7900D00357 /* Extensions.swift */,
			);
			name = Resources;
			sourceTree = "<group>";
		};
		3BC21F2F29FB44E700D00357 /* Core */ = {
			isa = PBXGroup;
			children = (
				3BC21F1129FB416B00D00357 /* RMTabViewController.swift */,
				3BC21F3029FB44FF00D00357 /* RMCharacterViewController.swift */,
				3BC21F3229FB451100D00357 /* RMLocationViewController.swift */,
				3BC21F3429FB452B00D00357 /* RMEpisodeViewController.swift */,
				3BC21F3629FB454300D00357 /* RMSettingsViewController.swift */,
			);
			path = Core;
			sourceTree = "<group>";
		};
		3BC21F4629FB822300D00357 /* DataTypes */ = {
			isa = PBXGroup;
			children = (
				3BC21F2929FB446E00D00357 /* RMLocation.swift */,
				3BC21F2B29FB447C00D00357 /* RMCharacter.swift */,
				3BC21F2D29FB448E00D00357 /* RMEpisode.swift */,
				3BC21F3E29FB5EF800D00357 /* RMOrigin.swift */,
				3BC21F4029FB5F6500D00357 /* RMSingleLocation.swift */,
				3BC21F4229FB615400D00357 /* RMChararterStatus.swift */,
				3BC21F4429FB617400D00357 /* RMCharacterGender.swift */,
			);
			path = DataTypes;
			sourceTree = "<group>";
		};
		3BC21F4729FB823A00D00357 /* APIResponseTypes */ = {
			isa = PBXGroup;
			children = (
				3BC21F4829FB826300D00357 /* RMGetAllCharactersResponse.swift */,
				3B7E1E1C2A01F3210016DCA4 /* RMGetAllEpisodesResponse.swift */,
				3BE2749D2A04816200B4CD6D /* RMGetAllLocationsResponse.swift */,
			);
			path = APIResponseTypes;
			sourceTree = "<group>";
		};
		3BC3999C2A031B5F009AC3E9 /* EpisodeDetails */ = {
			isa = PBXGroup;
			children = (
				3B7E1E152A01E9AA0016DCA4 /* RMEpisodeDetailView.swift */,
				3BC3999D2A031B7D009AC3E9 /* RMEpisodeInfoCollectionViewCell.swift */,
			);
			path = EpisodeDetails;
			sourceTree = "<group>";
		};
		3BC3999F2A031BBB009AC3E9 /* EpisodeDetail */ = {
			isa = PBXGroup;
			children = (
				3B7E1E132A01E91C0016DCA4 /* RMEpisodeDetailViewViewModel.swift */,
				3BC399A02A031BEE009AC3E9 /* RMEpisodeInfoCollectionViewCellViewModel.swift */,
			);
			path = EpisodeDetail;
			sourceTree = "<group>";
		};
		3BCD38F62A0347A3004853E4 /* Settings */ = {
			isa = PBXGroup;
			children = (
				3BCD38F72A0347C1004853E4 /* RMSettingsViewViewModel.swift */,
				3BCD38F92A034826004853E4 /* RMSettingsCellViewModel.swift */,
				3BCD38FB2A0348CF004853E4 /* RMSettingsOption.swift */,
			);
			path = Settings;
			sourceTree = "<group>";
		};
		3BCD38FD2A034DDC004853E4 /* SwiftUI */ = {
			isa = PBXGroup;
			children = (
				3BCD38FE2A034DF9004853E4 /* RMSettingsView.swift */,
			);
			path = SwiftUI;
			sourceTree = "<group>";
		};
		3BE274982A0478A100B4CD6D /* Location */ = {
			isa = PBXGroup;
			children = (
				3BE274992A0478C200B4CD6D /* RMLocationView.swift */,
				3BE2749F2A04835900B4CD6D /* RMLocationTableViewCell.swift */,
			);
			path = Location;
			sourceTree = "<group>";
		};
		3BE274A12A04844400B4CD6D /* Locations */ = {
			isa = PBXGroup;
			children = (
				3BE2749B2A047C5200B4CD6D /* RMLocationViewViewModel.swift */,
				3BE274A22A04848600B4CD6D /* RMLocationTableViewCellViewModel.swift */,
			);
			path = Locations;
			sourceTree = "<group>";
		};
/* End PBXGroup section */

/* Begin PBXNativeTarget section */
		3BC21F0929FB416B00D00357 /* RickAndMorty */ = {
			isa = PBXNativeTarget;
			buildConfigurationList = 3BC21F1E29FB416C00D00357 /* Build configuration list for PBXNativeTarget "RickAndMorty" */;
			buildPhases = (
				3BC21F0629FB416B00D00357 /* Sources */,
				3BC21F0729FB416B00D00357 /* Frameworks */,
				3BC21F0829FB416B00D00357 /* Resources */,
			);
			buildRules = (
			);
			dependencies = (
			);
			name = RickAndMorty;
			productName = RickAndMorty;
			productReference = 3BC21F0A29FB416B00D00357 /* RickAndMorty.app */;
			productType = "com.apple.product-type.application";
		};
/* End PBXNativeTarget section */

/* Begin PBXProject section */
		3BC21F0229FB416A00D00357 /* Project object */ = {
			isa = PBXProject;
			attributes = {
				BuildIndependentTargetsInParallel = 1;
				LastSwiftUpdateCheck = 1420;
				LastUpgradeCheck = 1420;
				TargetAttributes = {
					3BC21F0929FB416B00D00357 = {
						CreatedOnToolsVersion = 14.2;
					};
				};
			};
			buildConfigurationList = 3BC21F0529FB416A00D00357 /* Build configuration list for PBXProject "RickAndMorty" */;
			compatibilityVersion = "Xcode 14.0";
			developmentRegion = en;
			hasScannedForEncodings = 0;
			knownRegions = (
				en,
				Base,
			);
			mainGroup = 3BC21F0129FB416A00D00357;
			productRefGroup = 3BC21F0B29FB416B00D00357 /* Products */;
			projectDirPath = "";
			projectRoot = "";
			targets = (
				3BC21F0929FB416B00D00357 /* RickAndMorty */,
			);
		};
/* End PBXProject section */

/* Begin PBXResourcesBuildPhase section */
		3BC21F0829FB416B00D00357 /* Resources */ = {
			isa = PBXResourcesBuildPhase;
			buildActionMask = 2147483647;
			files = (
				3BC21F1A29FB416C00D00357 /* LaunchScreen.storyboard in Resources */,
				3BC21F1729FB416C00D00357 /* Assets.xcassets in Resources */,
			);
			runOnlyForDeploymentPostprocessing = 0;
		};
/* End PBXResourcesBuildPhase section */

/* Begin PBXSourcesBuildPhase section */
		3BC21F0629FB416B00D00357 /* Sources */ = {
			isa = PBXSourcesBuildPhase;
			buildActionMask = 2147483647;
			files = (
				3BC21F3F29FB5EF800D00357 /* RMOrigin.swift in Sources */,
				3BC21F4329FB615400D00357 /* RMChararterStatus.swift in Sources */,
				3BC21F4D29FB85B000D00357 /* RMCharacterListView.swift in Sources */,
				3B7E1E1F2A0209CF0016DCA4 /* RMSearchViewController.swift in Sources */,
				3BC21F4129FB5F6500D00357 /* RMSingleLocation.swift in Sources */,
				3BC21F4529FB617400D00357 /* RMCharacterGender.swift in Sources */,
				3BC21F3329FB451100D00357 /* RMLocationViewController.swift in Sources */,
				3BA717A329FCCDB60010F78C /* RMCharacterDetailViewViewModel.swift in Sources */,
				3BA7179F29FCCC7B0010F78C /* RMCharacterDetailViewController.swift in Sources */,
				3BA717A529FCD5E50010F78C /* RMFooterLoadingCollectionReusableView.swift in Sources */,
				3B7E1E192A01EBC90016DCA4 /* RMEpisodeListView.swift in Sources */,
				3BC21F1229FB416B00D00357 /* RMTabViewController.swift in Sources */,
				3BC21F0E29FB416B00D00357 /* AppDelegate.swift in Sources */,
				3BE2749E2A04816200B4CD6D /* RMGetAllLocationsResponse.swift in Sources */,
				3BA06C2929FF693700E4C9A7 /* RMCharacterInfoCollectionViewCell.swift in Sources */,
				3BE274A02A04835900B4CD6D /* RMLocationTableViewCell.swift in Sources */,
				3BCD38F82A0347C1004853E4 /* RMSettingsViewViewModel.swift in Sources */,
				3BC21F3529FB452B00D00357 /* RMEpisodeViewController.swift in Sources */,
				3B7E1E142A01E91C0016DCA4 /* RMEpisodeDetailViewViewModel.swift in Sources */,
				3BA7179A29FC9FA80010F78C /* RMCharacterCollectionViewCell.swift in Sources */,
				3BCD38FC2A0348CF004853E4 /* RMSettingsOption.swift in Sources */,
				3BC21F1029FB416B00D00357 /* SceneDelegate.swift in Sources */,
				3BA05B7B29FF22F3002E4559 /* RMImageLoader.swift in Sources */,
				3BC3999E2A031B7D009AC3E9 /* RMEpisodeInfoCollectionViewCell.swift in Sources */,
				3BC21F2A29FB446E00D00357 /* RMLocation.swift in Sources */,
				3BA06C3029FF69CA00E4C9A7 /* RMCharacterInfoCollectionViewCellViewModel.swift in Sources */,
				3BC21F3729FB454300D00357 /* RMSettingsViewController.swift in Sources */,
				3BA06C2729FF691E00E4C9A7 /* RMCharacterPhotoCollectionViewCell.swift in Sources */,
				3BCD38FF2A034DF9004853E4 /* RMSettingsView.swift in Sources */,
				3BC21F3929FB599B00D00357 /* RMService.swift in Sources */,
				3BCD38FA2A034826004853E4 /* RMSettingsCellViewModel.swift in Sources */,
				3BC21F4F29FB8A7900D00357 /* Extensions.swift in Sources */,
				3BA06C2E29FF69B300E4C9A7 /* RMCharacterPhotoCollectionViewCellViewModel.swift in Sources */,
				3BC21F2E29FB448E00D00357 /* RMEpisode.swift in Sources */,
				3BC21F3D29FB5A5500D00357 /* RMEndpoint.swift in Sources */,
				3BC21F2C29FB447C00D00357 /* RMCharacter.swift in Sources */,
				3BC21F3B29FB59AD00D00357 /* RMRequest.swift in Sources */,
				3BE274A32A04848600B4CD6D /* RMLocationTableViewCellViewModel.swift in Sources */,
				3B7E1E162A01E9AA0016DCA4 /* RMEpisodeDetailView.swift in Sources */,
				3BC288F32A00CAD1000BD7F9 /* RMEpisodeDetailViewController.swift in Sources */,
				3B7E1E122A01DF610016DCA4 /* RMAPICacheManager.swift in Sources */,
				3BA717A129FCCD690010F78C /* RMCharacterDetailView.swift in Sources */,
				3BA7179C29FCA11E0010F78C /* RMCharacterCollectionViewCellViewModel.swift in Sources */,
				3BC21F3129FB44FF00D00357 /* RMCharacterViewController.swift in Sources */,
				3BE2749A2A0478C200B4CD6D /* RMLocationView.swift in Sources */,
				3BA06C3229FF69E700E4C9A7 /* RMCharacterEpisodeCollectionViewCellViewModel.swift in Sources */,
				3B7E1E1B2A01EF8C0016DCA4 /* RMEpisodeListViewViewModel.swift in Sources */,
				3BA06C2B29FF695500E4C9A7 /* RMCharacterEpisodeCollectionViewCell.swift in Sources */,
				3BC399A12A031BEE009AC3E9 /* RMEpisodeInfoCollectionViewCellViewModel.swift in Sources */,
				3B7E1E1D2A01F3210016DCA4 /* RMGetAllEpisodesResponse.swift in Sources */,
				3BC21F4B29FB854F00D00357 /* RMCharacterListViewViewModel.swift in Sources */,
				3BC21F4929FB826300D00357 /* RMGetAllCharactersResponse.swift in Sources */,
				3BE2749C2A047C5200B4CD6D /* RMLocationViewViewModel.swift in Sources */,
			);
			runOnlyForDeploymentPostprocessing = 0;
		};
/* End PBXSourcesBuildPhase section */

/* Begin PBXVariantGroup section */
		3BC21F1829FB416C00D00357 /* LaunchScreen.storyboard */ = {
			isa = PBXVariantGroup;
			children = (
				3BC21F1929FB416C00D00357 /* Base */,
			);
			name = LaunchScreen.storyboard;
			sourceTree = "<group>";
		};
/* End PBXVariantGroup section */

/* Begin XCBuildConfiguration section */
		3BC21F1C29FB416C00D00357 /* Debug */ = {
			isa = XCBuildConfiguration;
			buildSettings = {
				ALWAYS_SEARCH_USER_PATHS = NO;
				CLANG_ANALYZER_NONNULL = YES;
				CLANG_ANALYZER_NUMBER_OBJECT_CONVERSION = YES_AGGRESSIVE;
				CLANG_CXX_LANGUAGE_STANDARD = "gnu++20";
				CLANG_ENABLE_MODULES = YES;
				CLANG_ENABLE_OBJC_ARC = YES;
				CLANG_ENABLE_OBJC_WEAK = YES;
				CLANG_WARN_BLOCK_CAPTURE_AUTORELEASING = YES;
				CLANG_WARN_BOOL_CONVERSION = YES;
				CLANG_WARN_COMMA = YES;
				CLANG_WARN_CONSTANT_CONVERSION = YES;
				CLANG_WARN_DEPRECATED_OBJC_IMPLEMENTATIONS = YES;
				CLANG_WARN_DIRECT_OBJC_ISA_USAGE = YES_ERROR;
				CLANG_WARN_DOCUMENTATION_COMMENTS = YES;
				CLANG_WARN_EMPTY_BODY = YES;
				CLANG_WARN_ENUM_CONVERSION = YES;
				CLANG_WARN_INFINITE_RECURSION = YES;
				CLANG_WARN_INT_CONVERSION = YES;
				CLANG_WARN_NON_LITERAL_NULL_CONVERSION = YES;
				CLANG_WARN_OBJC_IMPLICIT_RETAIN_SELF = YES;
				CLANG_WARN_OBJC_LITERAL_CONVERSION = YES;
				CLANG_WARN_OBJC_ROOT_CLASS = YES_ERROR;
				CLANG_WARN_QUOTED_INCLUDE_IN_FRAMEWORK_HEADER = YES;
				CLANG_WARN_RANGE_LOOP_ANALYSIS = YES;
				CLANG_WARN_STRICT_PROTOTYPES = YES;
				CLANG_WARN_SUSPICIOUS_MOVE = YES;
				CLANG_WARN_UNGUARDED_AVAILABILITY = YES_AGGRESSIVE;
				CLANG_WARN_UNREACHABLE_CODE = YES;
				CLANG_WARN__DUPLICATE_METHOD_MATCH = YES;
				COPY_PHASE_STRIP = NO;
				DEBUG_INFORMATION_FORMAT = dwarf;
				ENABLE_STRICT_OBJC_MSGSEND = YES;
				ENABLE_TESTABILITY = YES;
				GCC_C_LANGUAGE_STANDARD = gnu11;
				GCC_DYNAMIC_NO_PIC = NO;
				GCC_NO_COMMON_BLOCKS = YES;
				GCC_OPTIMIZATION_LEVEL = 0;
				GCC_PREPROCESSOR_DEFINITIONS = (
					"DEBUG=1",
					"$(inherited)",
				);
				GCC_WARN_64_TO_32_BIT_CONVERSION = YES;
				GCC_WARN_ABOUT_RETURN_TYPE = YES_ERROR;
				GCC_WARN_UNDECLARED_SELECTOR = YES;
				GCC_WARN_UNINITIALIZED_AUTOS = YES_AGGRESSIVE;
				GCC_WARN_UNUSED_FUNCTION = YES;
				GCC_WARN_UNUSED_VARIABLE = YES;
				IPHONEOS_DEPLOYMENT_TARGET = 16.2;
				MTL_ENABLE_DEBUG_INFO = INCLUDE_SOURCE;
				MTL_FAST_MATH = YES;
				ONLY_ACTIVE_ARCH = YES;
				SDKROOT = iphoneos;
				SWIFT_ACTIVE_COMPILATION_CONDITIONS = DEBUG;
				SWIFT_OPTIMIZATION_LEVEL = "-Onone";
			};
			name = Debug;
		};
		3BC21F1D29FB416C00D00357 /* Release */ = {
			isa = XCBuildConfiguration;
			buildSettings = {
				ALWAYS_SEARCH_USER_PATHS = NO;
				CLANG_ANALYZER_NONNULL = YES;
				CLANG_ANALYZER_NUMBER_OBJECT_CONVERSION = YES_AGGRESSIVE;
				CLANG_CXX_LANGUAGE_STANDARD = "gnu++20";
				CLANG_ENABLE_MODULES = YES;
				CLANG_ENABLE_OBJC_ARC = YES;
				CLANG_ENABLE_OBJC_WEAK = YES;
				CLANG_WARN_BLOCK_CAPTURE_AUTORELEASING = YES;
				CLANG_WARN_BOOL_CONVERSION = YES;
				CLANG_WARN_COMMA = YES;
				CLANG_WARN_CONSTANT_CONVERSION = YES;
				CLANG_WARN_DEPRECATED_OBJC_IMPLEMENTATIONS = YES;
				CLANG_WARN_DIRECT_OBJC_ISA_USAGE = YES_ERROR;
				CLANG_WARN_DOCUMENTATION_COMMENTS = YES;
				CLANG_WARN_EMPTY_BODY = YES;
				CLANG_WARN_ENUM_CONVERSION = YES;
				CLANG_WARN_INFINITE_RECURSION = YES;
				CLANG_WARN_INT_CONVERSION = YES;
				CLANG_WARN_NON_LITERAL_NULL_CONVERSION = YES;
				CLANG_WARN_OBJC_IMPLICIT_RETAIN_SELF = YES;
				CLANG_WARN_OBJC_LITERAL_CONVERSION = YES;
				CLANG_WARN_OBJC_ROOT_CLASS = YES_ERROR;
				CLANG_WARN_QUOTED_INCLUDE_IN_FRAMEWORK_HEADER = YES;
				CLANG_WARN_RANGE_LOOP_ANALYSIS = YES;
				CLANG_WARN_STRICT_PROTOTYPES = YES;
				CLANG_WARN_SUSPICIOUS_MOVE = YES;
				CLANG_WARN_UNGUARDED_AVAILABILITY = YES_AGGRESSIVE;
				CLANG_WARN_UNREACHABLE_CODE = YES;
				CLANG_WARN__DUPLICATE_METHOD_MATCH = YES;
				COPY_PHASE_STRIP = NO;
				DEBUG_INFORMATION_FORMAT = "dwarf-with-dsym";
				ENABLE_NS_ASSERTIONS = NO;
				ENABLE_STRICT_OBJC_MSGSEND = YES;
				GCC_C_LANGUAGE_STANDARD = gnu11;
				GCC_NO_COMMON_BLOCKS = YES;
				GCC_WARN_64_TO_32_BIT_CONVERSION = YES;
				GCC_WARN_ABOUT_RETURN_TYPE = YES_ERROR;
				GCC_WARN_UNDECLARED_SELECTOR = YES;
				GCC_WARN_UNINITIALIZED_AUTOS = YES_AGGRESSIVE;
				GCC_WARN_UNUSED_FUNCTION = YES;
				GCC_WARN_UNUSED_VARIABLE = YES;
				IPHONEOS_DEPLOYMENT_TARGET = 16.2;
				MTL_ENABLE_DEBUG_INFO = NO;
				MTL_FAST_MATH = YES;
				SDKROOT = iphoneos;
				SWIFT_COMPILATION_MODE = wholemodule;
				SWIFT_OPTIMIZATION_LEVEL = "-O";
				VALIDATE_PRODUCT = YES;
			};
			name = Release;
		};
		3BC21F1F29FB416C00D00357 /* Debug */ = {
			isa = XCBuildConfiguration;
			buildSettings = {
				ASSETCATALOG_COMPILER_APPICON_NAME = AppIcon;
				ASSETCATALOG_COMPILER_GLOBAL_ACCENT_COLOR_NAME = AccentColor;
				CODE_SIGN_STYLE = Automatic;
				CURRENT_PROJECT_VERSION = 1;
				DEVELOPMENT_TEAM = G3VP62JDQQ;
				GENERATE_INFOPLIST_FILE = YES;
				INFOPLIST_FILE = RickAndMorty/Info.plist;
				INFOPLIST_KEY_UIApplicationSupportsIndirectInputEvents = YES;
				INFOPLIST_KEY_UILaunchStoryboardName = LaunchScreen;
				INFOPLIST_KEY_UISupportedInterfaceOrientations_iPad = "UIInterfaceOrientationPortrait UIInterfaceOrientationPortraitUpsideDown UIInterfaceOrientationLandscapeLeft UIInterfaceOrientationLandscapeRight";
				INFOPLIST_KEY_UISupportedInterfaceOrientations_iPhone = "UIInterfaceOrientationPortrait UIInterfaceOrientationLandscapeLeft UIInterfaceOrientationLandscapeRight";
				LD_RUNPATH_SEARCH_PATHS = (
					"$(inherited)",
					"@executable_path/Frameworks",
				);
				MARKETING_VERSION = 1.0;
				PRODUCT_BUNDLE_IDENTIFIER = dmitriikim.RickAndMorty;
				PRODUCT_NAME = "$(TARGET_NAME)";
				SWIFT_EMIT_LOC_STRINGS = YES;
				SWIFT_VERSION = 5.0;
				TARGETED_DEVICE_FAMILY = "1,2";
			};
			name = Debug;
		};
		3BC21F2029FB416C00D00357 /* Release */ = {
			isa = XCBuildConfiguration;
			buildSettings = {
				ASSETCATALOG_COMPILER_APPICON_NAME = AppIcon;
				ASSETCATALOG_COMPILER_GLOBAL_ACCENT_COLOR_NAME = AccentColor;
				CODE_SIGN_STYLE = Automatic;
				CURRENT_PROJECT_VERSION = 1;
				DEVELOPMENT_TEAM = G3VP62JDQQ;
				GENERATE_INFOPLIST_FILE = YES;
				INFOPLIST_FILE = RickAndMorty/Info.plist;
				INFOPLIST_KEY_UIApplicationSupportsIndirectInputEvents = YES;
				INFOPLIST_KEY_UILaunchStoryboardName = LaunchScreen;
				INFOPLIST_KEY_UISupportedInterfaceOrientations_iPad = "UIInterfaceOrientationPortrait UIInterfaceOrientationPortraitUpsideDown UIInterfaceOrientationLandscapeLeft UIInterfaceOrientationLandscapeRight";
				INFOPLIST_KEY_UISupportedInterfaceOrientations_iPhone = "UIInterfaceOrientationPortrait UIInterfaceOrientationLandscapeLeft UIInterfaceOrientationLandscapeRight";
				LD_RUNPATH_SEARCH_PATHS = (
					"$(inherited)",
					"@executable_path/Frameworks",
				);
				MARKETING_VERSION = 1.0;
				PRODUCT_BUNDLE_IDENTIFIER = dmitriikim.RickAndMorty;
				PRODUCT_NAME = "$(TARGET_NAME)";
				SWIFT_EMIT_LOC_STRINGS = YES;
				SWIFT_VERSION = 5.0;
				TARGETED_DEVICE_FAMILY = "1,2";
			};
			name = Release;
		};
/* End XCBuildConfiguration section */

/* Begin XCConfigurationList section */
		3BC21F0529FB416A00D00357 /* Build configuration list for PBXProject "RickAndMorty" */ = {
			isa = XCConfigurationList;
			buildConfigurations = (
				3BC21F1C29FB416C00D00357 /* Debug */,
				3BC21F1D29FB416C00D00357 /* Release */,
			);
			defaultConfigurationIsVisible = 0;
			defaultConfigurationName = Release;
		};
		3BC21F1E29FB416C00D00357 /* Build configuration list for PBXNativeTarget "RickAndMorty" */ = {
			isa = XCConfigurationList;
			buildConfigurations = (
				3BC21F1F29FB416C00D00357 /* Debug */,
				3BC21F2029FB416C00D00357 /* Release */,
			);
			defaultConfigurationIsVisible = 0;
			defaultConfigurationName = Release;
		};
/* End XCConfigurationList section */
	};
	rootObject = 3BC21F0229FB416A00D00357 /* Project object */;
}
